// !$*UTF8*$!
{
	archiveVersion = 1;
	classes = {
	};
	objectVersion = 56;
	objects = {

/* Begin PBXBuildFile section */
		05378E1929FA707B007586BF /* AppDelegate.swift in Sources */ = {isa = PBXBuildFile; fileRef = 05378E1829FA707B007586BF /* AppDelegate.swift */; };
		05378E1B29FA707B007586BF /* SceneDelegate.swift in Sources */ = {isa = PBXBuildFile; fileRef = 05378E1A29FA707B007586BF /* SceneDelegate.swift */; };
		05378E1D29FA707B007586BF /* ViewController.swift in Sources */ = {isa = PBXBuildFile; fileRef = 05378E1C29FA707B007586BF /* ViewController.swift */; };
		05378E2029FA707B007586BF /* Main.storyboard in Resources */ = {isa = PBXBuildFile; fileRef = 05378E1E29FA707B007586BF /* Main.storyboard */; };
		05378E2329FA707B007586BF /* legoJI.xcdatamodeld in Sources */ = {isa = PBXBuildFile; fileRef = 05378E2129FA707B007586BF /* legoJI.xcdatamodeld */; };
		05378E2529FA707D007586BF /* Assets.xcassets in Resources */ = {isa = PBXBuildFile; fileRef = 05378E2429FA707D007586BF /* Assets.xcassets */; };
		05378E2829FA707D007586BF /* LaunchScreen.storyboard in Resources */ = {isa = PBXBuildFile; fileRef = 05378E2629FA707D007586BF /* LaunchScreen.storyboard */; };
		05378E3329FA707D007586BF /* legoJITests.swift in Sources */ = {isa = PBXBuildFile; fileRef = 05378E3229FA707D007586BF /* legoJITests.swift */; };
		05378E3D29FA707D007586BF /* legoJIUITests.swift in Sources */ = {isa = PBXBuildFile; fileRef = 05378E3C29FA707D007586BF /* legoJIUITests.swift */; };
		05378E3F29FA707D007586BF /* legoJIUITestsLaunchTests.swift in Sources */ = {isa = PBXBuildFile; fileRef = 05378E3E29FA707D007586BF /* legoJIUITestsLaunchTests.swift */; };
		05378E5129FA8C6B007586BF /* LoginViewController.swift in Sources */ = {isa = PBXBuildFile; fileRef = 05378E5029FA8C6B007586BF /* LoginViewController.swift */; };
		05378E5329FA8C9C007586BF /* RegisterViewController.swift in Sources */ = {isa = PBXBuildFile; fileRef = 05378E5229FA8C9C007586BF /* RegisterViewController.swift */; };
/* End PBXBuildFile section */

/* Begin PBXContainerItemProxy section */
		05378E2F29FA707D007586BF /* PBXContainerItemProxy */ = {
			isa = PBXContainerItemProxy;
			containerPortal = 05378E0D29FA707B007586BF /* Project object */;
			proxyType = 1;
			remoteGlobalIDString = 05378E1429FA707B007586BF;
			remoteInfo = legoJI;
		};
		05378E3929FA707D007586BF /* PBXContainerItemProxy */ = {
			isa = PBXContainerItemProxy;
			containerPortal = 05378E0D29FA707B007586BF /* Project object */;
			proxyType = 1;
			remoteGlobalIDString = 05378E1429FA707B007586BF;
			remoteInfo = legoJI;
		};
/* End PBXContainerItemProxy section */

/* Begin PBXFileReference section */
		05378E1529FA707B007586BF /* legoJI.app */ = {isa = PBXFileReference; explicitFileType = wrapper.application; includeInIndex = 0; path = legoJI.app; sourceTree = BUILT_PRODUCTS_DIR; };
		05378E1829FA707B007586BF /* AppDelegate.swift */ = {isa = PBXFileReference; lastKnownFileType = sourcecode.swift; path = AppDelegate.swift; sourceTree = "<group>"; };
		05378E1A29FA707B007586BF /* SceneDelegate.swift */ = {isa = PBXFileReference; lastKnownFileType = sourcecode.swift; path = SceneDelegate.swift; sourceTree = "<group>"; };
		05378E1C29FA707B007586BF /* ViewController.swift */ = {isa = PBXFileReference; lastKnownFileType = sourcecode.swift; path = ViewController.swift; sourceTree = "<group>"; };
		05378E1F29FA707B007586BF /* Base */ = {isa = PBXFileReference; lastKnownFileType = file.storyboard; name = Base; path = Base.lproj/Main.storyboard; sourceTree = "<group>"; };
		05378E2229FA707B007586BF /* legoJI.xcdatamodel */ = {isa = PBXFileReference; lastKnownFileType = wrapper.xcdatamodel; path = legoJI.xcdatamodel; sourceTree = "<group>"; };
		05378E2429FA707D007586BF /* Assets.xcassets */ = {isa = PBXFileReference; lastKnownFileType = folder.assetcatalog; path = Assets.xcassets; sourceTree = "<group>"; };
		05378E2729FA707D007586BF /* Base */ = {isa = PBXFileReference; lastKnownFileType = file.storyboard; name = Base; path = Base.lproj/LaunchScreen.storyboard; sourceTree = "<group>"; };
		05378E2929FA707D007586BF /* Info.plist */ = {isa = PBXFileReference; lastKnownFileType = text.plist.xml; path = Info.plist; sourceTree = "<group>"; };
		05378E2E29FA707D007586BF /* legoJITests.xctest */ = {isa = PBXFileReference; explicitFileType = wrapper.cfbundle; includeInIndex = 0; path = legoJITests.xctest; sourceTree = BUILT_PRODUCTS_DIR; };
		05378E3229FA707D007586BF /* legoJITests.swift */ = {isa = PBXFileReference; lastKnownFileType = sourcecode.swift; path = legoJITests.swift; sourceTree = "<group>"; };
		05378E3829FA707D007586BF /* legoJIUITests.xctest */ = {isa = PBXFileReference; explicitFileType = wrapper.cfbundle; includeInIndex = 0; path = legoJIUITests.xctest; sourceTree = BUILT_PRODUCTS_DIR; };
		05378E3C29FA707D007586BF /* legoJIUITests.swift */ = {isa = PBXFileReference; lastKnownFileType = sourcecode.swift; path = legoJIUITests.swift; sourceTree = "<group>"; };
		05378E3E29FA707D007586BF /* legoJIUITestsLaunchTests.swift */ = {isa = PBXFileReference; lastKnownFileType = sourcecode.swift; path = legoJIUITestsLaunchTests.swift; sourceTree = "<group>"; };
		05378E5029FA8C6B007586BF /* LoginViewController.swift */ = {isa = PBXFileReference; lastKnownFileType = sourcecode.swift; path = LoginViewController.swift; sourceTree = "<group>"; };
		05378E5229FA8C9C007586BF /* RegisterViewController.swift */ = {isa = PBXFileReference; lastKnownFileType = sourcecode.swift; path = RegisterViewController.swift; sourceTree = "<group>"; };
/* End PBXFileReference section */

/* Begin PBXFrameworksBuildPhase section */
		05378E1229FA707B007586BF /* Frameworks */ = {
			isa = PBXFrameworksBuildPhase;
			buildActionMask = 2147483647;
			files = (
			);
			runOnlyForDeploymentPostprocessing = 0;
		};
		05378E2B29FA707D007586BF /* Frameworks */ = {
			isa = PBXFrameworksBuildPhase;
			buildActionMask = 2147483647;
			files = (
			);
			runOnlyForDeploymentPostprocessing = 0;
		};
		05378E3529FA707D007586BF /* Frameworks */ = {
			isa = PBXFrameworksBuildPhase;
			buildActionMask = 2147483647;
			files = (
			);
			runOnlyForDeploymentPostprocessing = 0;
		};
/* End PBXFrameworksBuildPhase section */

/* Begin PBXGroup section */
		05378E0C29FA707B007586BF = {
			isa = PBXGroup;
			children = (
				05378E1729FA707B007586BF /* legoJI */,
				05378E3129FA707D007586BF /* legoJITests */,
				05378E3B29FA707D007586BF /* legoJIUITests */,
				05378E1629FA707B007586BF /* Products */,
			);
			sourceTree = "<group>";
		};
		05378E1629FA707B007586BF /* Products */ = {
			isa = PBXGroup;
			children = (
				05378E1529FA707B007586BF /* legoJI.app */,
				05378E2E29FA707D007586BF /* legoJITests.xctest */,
				05378E3829FA707D007586BF /* legoJIUITests.xctest */,
			);
			name = Products;
			sourceTree = "<group>";
		};
		05378E1729FA707B007586BF /* legoJI */ = {
			isa = PBXGroup;
			children = (
				05378E4B29FA7156007586BF /* View Controllers */,
				05378E1829FA707B007586BF /* AppDelegate.swift */,
				05378E1A29FA707B007586BF /* SceneDelegate.swift */,
				05378E1C29FA707B007586BF /* ViewController.swift */,
				05378E1E29FA707B007586BF /* Main.storyboard */,
				05378E2429FA707D007586BF /* Assets.xcassets */,
				05378E2629FA707D007586BF /* LaunchScreen.storyboard */,
				05378E2929FA707D007586BF /* Info.plist */,
				05378E2129FA707B007586BF /* legoJI.xcdatamodeld */,
			);
			path = legoJI;
			sourceTree = "<group>";
		};
		05378E3129FA707D007586BF /* legoJITests */ = {
			isa = PBXGroup;
			children = (
				05378E3229FA707D007586BF /* legoJITests.swift */,
			);
			path = legoJITests;
			sourceTree = "<group>";
		};
		05378E3B29FA707D007586BF /* legoJIUITests */ = {
			isa = PBXGroup;
			children = (
				05378E3C29FA707D007586BF /* legoJIUITests.swift */,
				05378E3E29FA707D007586BF /* legoJIUITestsLaunchTests.swift */,
			);
			path = legoJIUITests;
			sourceTree = "<group>";
		};
		05378E4B29FA7156007586BF /* View Controllers */ = {
			isa = PBXGroup;
			children = (
				05378E5029FA8C6B007586BF /* LoginViewController.swift */,
				05378E5229FA8C9C007586BF /* RegisterViewController.swift */,
			);
			path = "View Controllers";
			sourceTree = "<group>";
		};
/* End PBXGroup section */

/* Begin PBXNativeTarget section */
		05378E1429FA707B007586BF /* legoJI */ = {
			isa = PBXNativeTarget;
			buildConfigurationList = 05378E4229FA707D007586BF /* Build configuration list for PBXNativeTarget "legoJI" */;
			buildPhases = (
				05378E1129FA707B007586BF /* Sources */,
				05378E1229FA707B007586BF /* Frameworks */,
				05378E1329FA707B007586BF /* Resources */,
			);
			buildRules = (
			);
			dependencies = (
			);
			name = legoJI;
			productName = legoJI;
			productReference = 05378E1529FA707B007586BF /* legoJI.app */;
			productType = "com.apple.product-type.application";
		};
		05378E2D29FA707D007586BF /* legoJITests */ = {
			isa = PBXNativeTarget;
			buildConfigurationList = 05378E4529FA707D007586BF /* Build configuration list for PBXNativeTarget "legoJITests" */;
			buildPhases = (
				05378E2A29FA707D007586BF /* Sources */,
				05378E2B29FA707D007586BF /* Frameworks */,
				05378E2C29FA707D007586BF /* Resources */,
			);
			buildRules = (
			);
			dependencies = (
				05378E3029FA707D007586BF /* PBXTargetDependency */,
			);
			name = legoJITests;
			productName = legoJITests;
			productReference = 05378E2E29FA707D007586BF /* legoJITests.xctest */;
			productType = "com.apple.product-type.bundle.unit-test";
		};
		05378E3729FA707D007586BF /* legoJIUITests */ = {
			isa = PBXNativeTarget;
			buildConfigurationList = 05378E4829FA707D007586BF /* Build configuration list for PBXNativeTarget "legoJIUITests" */;
			buildPhases = (
				05378E3429FA707D007586BF /* Sources */,
				05378E3529FA707D007586BF /* Frameworks */,
				05378E3629FA707D007586BF /* Resources */,
			);
			buildRules = (
			);
			dependencies = (
				05378E3A29FA707D007586BF /* PBXTargetDependency */,
			);
			name = legoJIUITests;
			productName = legoJIUITests;
			productReference = 05378E3829FA707D007586BF /* legoJIUITests.xctest */;
			productType = "com.apple.product-type.bundle.ui-testing";
		};
/* End PBXNativeTarget section */

/* Begin PBXProject section */
		05378E0D29FA707B007586BF /* Project object */ = {
			isa = PBXProject;
			attributes = {
				BuildIndependentTargetsInParallel = 1;
				LastSwiftUpdateCheck = 1410;
				LastUpgradeCheck = 1410;
				TargetAttributes = {
					05378E1429FA707B007586BF = {
						CreatedOnToolsVersion = 14.1;
					};
					05378E2D29FA707D007586BF = {
						CreatedOnToolsVersion = 14.1;
						TestTargetID = 05378E1429FA707B007586BF;
					};
					05378E3729FA707D007586BF = {
						CreatedOnToolsVersion = 14.1;
						TestTargetID = 05378E1429FA707B007586BF;
					};
				};
			};
			buildConfigurationList = 05378E1029FA707B007586BF /* Build configuration list for PBXProject "legoJI" */;
			compatibilityVersion = "Xcode 14.0";
			developmentRegion = en;
			hasScannedForEncodings = 0;
			knownRegions = (
				en,
				Base,
			);
			mainGroup = 05378E0C29FA707B007586BF;
			productRefGroup = 05378E1629FA707B007586BF /* Products */;
			projectDirPath = "";
			projectRoot = "";
			targets = (
				05378E1429FA707B007586BF /* legoJI */,
				05378E2D29FA707D007586BF /* legoJITests */,
				05378E3729FA707D007586BF /* legoJIUITests */,
			);
		};
/* End PBXProject section */

/* Begin PBXResourcesBuildPhase section */
		05378E1329FA707B007586BF /* Resources */ = {
			isa = PBXResourcesBuildPhase;
			buildActionMask = 2147483647;
			files = (
				05378E2829FA707D007586BF /* LaunchScreen.storyboard in Resources */,
				05378E2529FA707D007586BF /* Assets.xcassets in Resources */,
				05378E2029FA707B007586BF /* Main.storyboard in Resources */,
			);
			runOnlyForDeploymentPostprocessing = 0;
		};
		05378E2C29FA707D007586BF /* Resources */ = {
			isa = PBXResourcesBuildPhase;
			buildActionMask = 2147483647;
			files = (
			);
			runOnlyForDeploymentPostprocessing = 0;
		};
		05378E3629FA707D007586BF /* Resources */ = {
			isa = PBXResourcesBuildPhase;
			buildActionMask = 2147483647;
			files = (
			);
			runOnlyForDeploymentPostprocessing = 0;
		};
/* End PBXResourcesBuildPhase section */

/* Begin PBXSourcesBuildPhase section */
		05378E1129FA707B007586BF /* Sources */ = {
			isa = PBXSourcesBuildPhase;
			buildActionMask = 2147483647;
			files = (
				05378E1D29FA707B007586BF /* ViewController.swift in Sources */,
				05378E2329FA707B007586BF /* legoJI.xcdatamodeld in Sources */,
				05378E1929FA707B007586BF /* AppDelegate.swift in Sources */,
				05378E5329FA8C9C007586BF /* RegisterViewController.swift in Sources */,
				05378E5129FA8C6B007586BF /* LoginViewController.swift in Sources */,
				05378E1B29FA707B007586BF /* SceneDelegate.swift in Sources */,
			);
			runOnlyForDeploymentPostprocessing = 0;
		};
		05378E2A29FA707D007586BF /* Sources */ = {
			isa = PBXSourcesBuildPhase;
			buildActionMask = 2147483647;
			files = (
				05378E3329FA707D007586BF /* legoJITests.swift in Sources */,
			);
			runOnlyForDeploymentPostprocessing = 0;
		};
		05378E3429FA707D007586BF /* Sources */ = {
			isa = PBXSourcesBuildPhase;
			buildActionMask = 2147483647;
			files = (
				05378E3F29FA707D007586BF /* legoJIUITestsLaunchTests.swift in Sources */,
				05378E3D29FA707D007586BF /* legoJIUITests.swift in Sources */,
			);
			runOnlyForDeploymentPostprocessing = 0;
		};
/* End PBXSourcesBuildPhase section */

/* Begin PBXTargetDependency section */
		05378E3029FA707D007586BF /* PBXTargetDependency */ = {
			isa = PBXTargetDependency;
			target = 05378E1429FA707B007586BF /* legoJI */;
			targetProxy = 05378E2F29FA707D007586BF /* PBXContainerItemProxy */;
		};
		05378E3A29FA707D007586BF /* PBXTargetDependency */ = {
			isa = PBXTargetDependency;
			target = 05378E1429FA707B007586BF /* legoJI */;
			targetProxy = 05378E3929FA707D007586BF /* PBXContainerItemProxy */;
		};
/* End PBXTargetDependency section */

/* Begin PBXVariantGroup section */
		05378E1E29FA707B007586BF /* Main.storyboard */ = {
			isa = PBXVariantGroup;
			children = (
				05378E1F29FA707B007586BF /* Base */,
			);
			name = Main.storyboard;
			sourceTree = "<group>";
		};
		05378E2629FA707D007586BF /* LaunchScreen.storyboard */ = {
			isa = PBXVariantGroup;
			children = (
				05378E2729FA707D007586BF /* Base */,
			);
			name = LaunchScreen.storyboard;
			sourceTree = "<group>";
		};
/* End PBXVariantGroup section */

/* Begin XCBuildConfiguration section */
		05378E4029FA707D007586BF /* Debug */ = {
			isa = XCBuildConfiguration;
			buildSettings = {
				ALWAYS_SEARCH_USER_PATHS = NO;
				CLANG_ANALYZER_NONNULL = YES;
				CLANG_ANALYZER_NUMBER_OBJECT_CONVERSION = YES_AGGRESSIVE;
				CLANG_CXX_LANGUAGE_STANDARD = "gnu++20";
				CLANG_ENABLE_MODULES = YES;
				CLANG_ENABLE_OBJC_ARC = YES;
				CLANG_ENABLE_OBJC_WEAK = YES;
				CLANG_WARN_BLOCK_CAPTURE_AUTORELEASING = YES;
				CLANG_WARN_BOOL_CONVERSION = YES;
				CLANG_WARN_COMMA = YES;
				CLANG_WARN_CONSTANT_CONVERSION = YES;
				CLANG_WARN_DEPRECATED_OBJC_IMPLEMENTATIONS = YES;
				CLANG_WARN_DIRECT_OBJC_ISA_USAGE = YES_ERROR;
				CLANG_WARN_DOCUMENTATION_COMMENTS = YES;
				CLANG_WARN_EMPTY_BODY = YES;
				CLANG_WARN_ENUM_CONVERSION = YES;
				CLANG_WARN_INFINITE_RECURSION = YES;
				CLANG_WARN_INT_CONVERSION = YES;
				CLANG_WARN_NON_LITERAL_NULL_CONVERSION = YES;
				CLANG_WARN_OBJC_IMPLICIT_RETAIN_SELF = YES;
				CLANG_WARN_OBJC_LITERAL_CONVERSION = YES;
				CLANG_WARN_OBJC_ROOT_CLASS = YES_ERROR;
				CLANG_WARN_QUOTED_INCLUDE_IN_FRAMEWORK_HEADER = YES;
				CLANG_WARN_RANGE_LOOP_ANALYSIS = YES;
				CLANG_WARN_STRICT_PROTOTYPES = YES;
				CLANG_WARN_SUSPICIOUS_MOVE = YES;
				CLANG_WARN_UNGUARDED_AVAILABILITY = YES_AGGRESSIVE;
				CLANG_WARN_UNREACHABLE_CODE = YES;
				CLANG_WARN__DUPLICATE_METHOD_MATCH = YES;
				COPY_PHASE_STRIP = NO;
				DEBUG_INFORMATION_FORMAT = dwarf;
				ENABLE_STRICT_OBJC_MSGSEND = YES;
				ENABLE_TESTABILITY = YES;
				GCC_C_LANGUAGE_STANDARD = gnu11;
				GCC_DYNAMIC_NO_PIC = NO;
				GCC_NO_COMMON_BLOCKS = YES;
				GCC_OPTIMIZATION_LEVEL = 0;
				GCC_PREPROCESSOR_DEFINITIONS = (
					"DEBUG=1",
					"$(inherited)",
				);
				GCC_WARN_64_TO_32_BIT_CONVERSION = YES;
				GCC_WARN_ABOUT_RETURN_TYPE = YES_ERROR;
				GCC_WARN_UNDECLARED_SELECTOR = YES;
				GCC_WARN_UNINITIALIZED_AUTOS = YES_AGGRESSIVE;
				GCC_WARN_UNUSED_FUNCTION = YES;
				GCC_WARN_UNUSED_VARIABLE = YES;
				IPHONEOS_DEPLOYMENT_TARGET = 16.1;
				MTL_ENABLE_DEBUG_INFO = INCLUDE_SOURCE;
				MTL_FAST_MATH = YES;
				ONLY_ACTIVE_ARCH = YES;
				SDKROOT = iphoneos;
				SWIFT_ACTIVE_COMPILATION_CONDITIONS = DEBUG;
				SWIFT_OPTIMIZATION_LEVEL = "-Onone";
			};
			name = Debug;
		};
		05378E4129FA707D007586BF /* Release */ = {
			isa = XCBuildConfiguration;
			buildSettings = {
				ALWAYS_SEARCH_USER_PATHS = NO;
				CLANG_ANALYZER_NONNULL = YES;
				CLANG_ANALYZER_NUMBER_OBJECT_CONVERSION = YES_AGGRESSIVE;
				CLANG_CXX_LANGUAGE_STANDARD = "gnu++20";
				CLANG_ENABLE_MODULES = YES;
				CLANG_ENABLE_OBJC_ARC = YES;
				CLANG_ENABLE_OBJC_WEAK = YES;
				CLANG_WARN_BLOCK_CAPTURE_AUTORELEASING = YES;
				CLANG_WARN_BOOL_CONVERSION = YES;
				CLANG_WARN_COMMA = YES;
				CLANG_WARN_CONSTANT_CONVERSION = YES;
				CLANG_WARN_DEPRECATED_OBJC_IMPLEMENTATIONS = YES;
				CLANG_WARN_DIRECT_OBJC_ISA_USAGE = YES_ERROR;
				CLANG_WARN_DOCUMENTATION_COMMENTS = YES;
				CLANG_WARN_EMPTY_BODY = YES;
				CLANG_WARN_ENUM_CONVERSION = YES;
				CLANG_WARN_INFINITE_RECURSION = YES;
				CLANG_WARN_INT_CONVERSION = YES;
				CLANG_WARN_NON_LITERAL_NULL_CONVERSION = YES;
				CLANG_WARN_OBJC_IMPLICIT_RETAIN_SELF = YES;
				CLANG_WARN_OBJC_LITERAL_CONVERSION = YES;
				CLANG_WARN_OBJC_ROOT_CLASS = YES_ERROR;
				CLANG_WARN_QUOTED_INCLUDE_IN_FRAMEWORK_HEADER = YES;
				CLANG_WARN_RANGE_LOOP_ANALYSIS = YES;
				CLANG_WARN_STRICT_PROTOTYPES = YES;
				CLANG_WARN_SUSPICIOUS_MOVE = YES;
				CLANG_WARN_UNGUARDED_AVAILABILITY = YES_AGGRESSIVE;
				CLANG_WARN_UNREACHABLE_CODE = YES;
				CLANG_WARN__DUPLICATE_METHOD_MATCH = YES;
				COPY_PHASE_STRIP = NO;
				DEBUG_INFORMATION_FORMAT = "dwarf-with-dsym";
				ENABLE_NS_ASSERTIONS = NO;
				ENABLE_STRICT_OBJC_MSGSEND = YES;
				GCC_C_LANGUAGE_STANDARD = gnu11;
				GCC_NO_COMMON_BLOCKS = YES;
				GCC_WARN_64_TO_32_BIT_CONVERSION = YES;
				GCC_WARN_ABOUT_RETURN_TYPE = YES_ERROR;
				GCC_WARN_UNDECLARED_SELECTOR = YES;
				GCC_WARN_UNINITIALIZED_AUTOS = YES_AGGRESSIVE;
				GCC_WARN_UNUSED_FUNCTION = YES;
				GCC_WARN_UNUSED_VARIABLE = YES;
				IPHONEOS_DEPLOYMENT_TARGET = 16.1;
				MTL_ENABLE_DEBUG_INFO = NO;
				MTL_FAST_MATH = YES;
				SDKROOT = iphoneos;
				SWIFT_COMPILATION_MODE = wholemodule;
				SWIFT_OPTIMIZATION_LEVEL = "-O";
				VALIDATE_PRODUCT = YES;
			};
			name = Release;
		};
		05378E4329FA707D007586BF /* Debug */ = {
			isa = XCBuildConfiguration;
			buildSettings = {
				ASSETCATALOG_COMPILER_APPICON_NAME = AppIcon;
				ASSETCATALOG_COMPILER_GLOBAL_ACCENT_COLOR_NAME = AccentColor;
				CODE_SIGN_STYLE = Automatic;
				CURRENT_PROJECT_VERSION = 1;
				GENERATE_INFOPLIST_FILE = YES;
				INFOPLIST_FILE = legoJI/Info.plist;
				INFOPLIST_KEY_UIApplicationSupportsIndirectInputEvents = YES;
				INFOPLIST_KEY_UILaunchStoryboardName = LaunchScreen;
				INFOPLIST_KEY_UIMainStoryboardFile = Main;
				INFOPLIST_KEY_UISupportedInterfaceOrientations_iPad = "UIInterfaceOrientationPortrait UIInterfaceOrientationPortraitUpsideDown UIInterfaceOrientationLandscapeLeft UIInterfaceOrientationLandscapeRight";
				INFOPLIST_KEY_UISupportedInterfaceOrientations_iPhone = "UIInterfaceOrientationPortrait UIInterfaceOrientationLandscapeLeft UIInterfaceOrientationLandscapeRight";
				LD_RUNPATH_SEARCH_PATHS = (
					"$(inherited)",
					"@executable_path/Frameworks",
				);
				MARKETING_VERSION = 1.0;
				PRODUCT_BUNDLE_IDENTIFIER = qualif.legoJI;
				PRODUCT_NAME = "$(TARGET_NAME)";
				SWIFT_EMIT_LOC_STRINGS = YES;
				SWIFT_VERSION = 5.0;
				TARGETED_DEVICE_FAMILY = "1,2";
			};
			name = Debug;
		};
		05378E4429FA707D007586BF /* Release */ = {
			isa = XCBuildConfiguration;
			buildSettings = {
				ASSETCATALOG_COMPILER_APPICON_NAME = AppIcon;
				ASSETCATALOG_COMPILER_GLOBAL_ACCENT_COLOR_NAME = AccentColor;
				CODE_SIGN_STYLE = Automatic;
				CURRENT_PROJECT_VERSION = 1;
				GENERATE_INFOPLIST_FILE = YES;
				INFOPLIST_FILE = legoJI/Info.plist;
				INFOPLIST_KEY_UIApplicationSupportsIndirectInputEvents = YES;
				INFOPLIST_KEY_UILaunchStoryboardName = LaunchScreen;
				INFOPLIST_KEY_UIMainStoryboardFile = Main;
				INFOPLIST_KEY_UISupportedInterfaceOrientations_iPad = "UIInterfaceOrientationPortrait UIInterfaceOrientationPortraitUpsideDown UIInterfaceOrientationLandscapeLeft UIInterfaceOrientationLandscapeRight";
				INFOPLIST_KEY_UISupportedInterfaceOrientations_iPhone = "UIInterfaceOrientationPortrait UIInterfaceOrientationLandscapeLeft UIInterfaceOrientationLandscapeRight";
				LD_RUNPATH_SEARCH_PATHS = (
					"$(inherited)",
					"@executable_path/Frameworks",
				);
				MARKETING_VERSION = 1.0;
				PRODUCT_BUNDLE_IDENTIFIER = qualif.legoJI;
				PRODUCT_NAME = "$(TARGET_NAME)";
				SWIFT_EMIT_LOC_STRINGS = YES;
				SWIFT_VERSION = 5.0;
				TARGETED_DEVICE_FAMILY = "1,2";
			};
			name = Release;
		};
		05378E4629FA707D007586BF /* Debug */ = {
			isa = XCBuildConfiguration;
			buildSettings = {
				ALWAYS_EMBED_SWIFT_STANDARD_LIBRARIES = YES;
				BUNDLE_LOADER = "$(TEST_HOST)";
				CODE_SIGN_STYLE = Automatic;
				CURRENT_PROJECT_VERSION = 1;
				GENERATE_INFOPLIST_FILE = YES;
				IPHONEOS_DEPLOYMENT_TARGET = 16.1;
				MARKETING_VERSION = 1.0;
				PRODUCT_BUNDLE_IDENTIFIER = qualif.legoJITests;
				PRODUCT_NAME = "$(TARGET_NAME)";
				SWIFT_EMIT_LOC_STRINGS = NO;
				SWIFT_VERSION = 5.0;
				TARGETED_DEVICE_FAMILY = "1,2";
				TEST_HOST = "$(BUILT_PRODUCTS_DIR)/legoJI.app/$(BUNDLE_EXECUTABLE_FOLDER_PATH)/legoJI";
			};
			name = Debug;
		};
		05378E4729FA707D007586BF /* Release */ = {
			isa = XCBuildConfiguration;
			buildSettings = {
				ALWAYS_EMBED_SWIFT_STANDARD_LIBRARIES = YES;
				BUNDLE_LOADER = "$(TEST_HOST)";
				CODE_SIGN_STYLE = Automatic;
				CURRENT_PROJECT_VERSION = 1;
				GENERATE_INFOPLIST_FILE = YES;
				IPHONEOS_DEPLOYMENT_TARGET = 16.1;
				MARKETING_VERSION = 1.0;
				PRODUCT_BUNDLE_IDENTIFIER = qualif.legoJITests;
				PRODUCT_NAME = "$(TARGET_NAME)";
				SWIFT_EMIT_LOC_STRINGS = NO;
				SWIFT_VERSION = 5.0;
				TARGETED_DEVICE_FAMILY = "1,2";
				TEST_HOST = "$(BUILT_PRODUCTS_DIR)/legoJI.app/$(BUNDLE_EXECUTABLE_FOLDER_PATH)/legoJI";
			};
			name = Release;
		};
		05378E4929FA707D007586BF /* Debug */ = {
			isa = XCBuildConfiguration;
			buildSettings = {
				ALWAYS_EMBED_SWIFT_STANDARD_LIBRARIES = YES;
				CODE_SIGN_STYLE = Automatic;
				CURRENT_PROJECT_VERSION = 1;
				GENERATE_INFOPLIST_FILE = YES;
				MARKETING_VERSION = 1.0;
				PRODUCT_BUNDLE_IDENTIFIER = qualif.legoJIUITests;
				PRODUCT_NAME = "$(TARGET_NAME)";
				SWIFT_EMIT_LOC_STRINGS = NO;
				SWIFT_VERSION = 5.0;
				TARGETED_DEVICE_FAMILY = "1,2";
				TEST_TARGET_NAME = legoJI;
			};
			name = Debug;
		};
		05378E4A29FA707D007586BF /* Release */ = {
			isa = XCBuildConfiguration;
			buildSettings = {
				ALWAYS_EMBED_SWIFT_STANDARD_LIBRARIES = YES;
				CODE_SIGN_STYLE = Automatic;
				CURRENT_PROJECT_VERSION = 1;
				GENERATE_INFOPLIST_FILE = YES;
				MARKETING_VERSION = 1.0;
				PRODUCT_BUNDLE_IDENTIFIER = qualif.legoJIUITests;
				PRODUCT_NAME = "$(TARGET_NAME)";
				SWIFT_EMIT_LOC_STRINGS = NO;
				SWIFT_VERSION = 5.0;
				TARGETED_DEVICE_FAMILY = "1,2";
				TEST_TARGET_NAME = legoJI;
			};
			name = Release;
		};
/* End XCBuildConfiguration section */

/* Begin XCConfigurationList section */
		05378E1029FA707B007586BF /* Build configuration list for PBXProject "legoJI" */ = {
			isa = XCConfigurationList;
			buildConfigurations = (
				05378E4029FA707D007586BF /* Debug */,
				05378E4129FA707D007586BF /* Release */,
			);
			defaultConfigurationIsVisible = 0;
			defaultConfigurationName = Release;
		};
		05378E4229FA707D007586BF /* Build configuration list for PBXNativeTarget "legoJI" */ = {
			isa = XCConfigurationList;
			buildConfigurations = (
				05378E4329FA707D007586BF /* Debug */,
				05378E4429FA707D007586BF /* Release */,
			);
			defaultConfigurationIsVisible = 0;
			defaultConfigurationName = Release;
		};
		05378E4529FA707D007586BF /* Build configuration list for PBXNativeTarget "legoJITests" */ = {
			isa = XCConfigurationList;
			buildConfigurations = (
				05378E4629FA707D007586BF /* Debug */,
				05378E4729FA707D007586BF /* Release */,
			);
			defaultConfigurationIsVisible = 0;
			defaultConfigurationName = Release;
		};
		05378E4829FA707D007586BF /* Build configuration list for PBXNativeTarget "legoJIUITests" */ = {
			isa = XCConfigurationList;
			buildConfigurations = (
				05378E4929FA707D007586BF /* Debug */,
				05378E4A29FA707D007586BF /* Release */,
			);
			defaultConfigurationIsVisible = 0;
			defaultConfigurationName = Release;
		};
/* End XCConfigurationList section */

/* Begin XCVersionGroup section */
		05378E2129FA707B007586BF /* legoJI.xcdatamodeld */ = {
			isa = XCVersionGroup;
			children = (
				05378E2229FA707B007586BF /* legoJI.xcdatamodel */,
			);
			currentVersion = 05378E2229FA707B007586BF /* legoJI.xcdatamodel */;
			path = legoJI.xcdatamodeld;
			sourceTree = "<group>";
			versionGroupType = wrapper.xcdatamodel;
		};
/* End XCVersionGroup section */
	};
	rootObject = 05378E0D29FA707B007586BF /* Project object */;
}
